
Microsoft Visual Studio Solution File, Format Version 12.00
# Visual Studio Version 17
VisualStudioVersion = 17.0.32014.148
MinimumVisualStudioVersion = 10.0.40219.1
Project("{FAE04EC0-301F-11D3-BF4B-00C04F79EFBC}") = "ConsoleAppByZim", "ConsoleAppByZim\ConsoleAppByZim.csproj", "{E1281E1C-0F2E-4431-AEED-75473C4CCA8A}"
EndProject
Global
	GlobalSection(SolutionConfigurationPlatforms) = preSolution
		Debug|Any CPU = Debug|Any CPU
		Release|Any CPU = Release|Any CPU
	EndGlobalSection
	GlobalSection(ProjectConfigurationPlatforms) = postSolution
		{E1281E1C-0F2E-4431-AEED-75473C4CCA8A}.Debug|Any CPU.ActiveCfg = Debug|Any CPU
		{E1281E1C-0F2E-4431-AEED-75473C4CCA8A}.Debug|Any CPU.Build.0 = Debug|Any CPU
		{E1281E1C-0F2E-4431-AEED-75473C4CCA8A}.Release|Any CPU.ActiveCfg = Release|Any CPU
		{E1281E1C-0F2E-4431-AEED-75473C4CCA8A}.Release|Any CPU.Build.0 = Release|Any CPU
	EndGlobalSection
	GlobalSection(SolutionProperties) = preSolution
		HideSolutionNode = FALSE
	EndGlobalSection
	GlobalSection(ExtensibilityGlobals) = postSolution
		SolutionGuid = {F8C9F7A5-7AD2-457C-924D-BA85D515F34B}
	EndGlobalSection
EndGlobal
